// !$*UTF8*$!
{
	archiveVersion = 1;
	classes = {
	};
	objectVersion = 55;
	objects = {

/* Begin PBXBuildFile section */
		552C048C27F0942800FE70E3 /* TouchdownApp.swift in Sources */ = {isa = PBXBuildFile; fileRef = 552C048B27F0942800FE70E3 /* TouchdownApp.swift */; };
		552C048E27F0942800FE70E3 /* ContentView.swift in Sources */ = {isa = PBXBuildFile; fileRef = 552C048D27F0942800FE70E3 /* ContentView.swift */; };
		552C049027F0942900FE70E3 /* Assets.xcassets in Resources */ = {isa = PBXBuildFile; fileRef = 552C048F27F0942900FE70E3 /* Assets.xcassets */; };
		552C049327F0942900FE70E3 /* Preview Assets.xcassets in Resources */ = {isa = PBXBuildFile; fileRef = 552C049227F0942900FE70E3 /* Preview Assets.xcassets */; };
		552C049D27F0A0E000FE70E3 /* brand.json in Resources */ = {isa = PBXBuildFile; fileRef = 552C049927F0A0E000FE70E3 /* brand.json */; };
		552C049E27F0A0E000FE70E3 /* category.json in Resources */ = {isa = PBXBuildFile; fileRef = 552C049A27F0A0E000FE70E3 /* category.json */; };
		552C049F27F0A0E000FE70E3 /* product.json in Resources */ = {isa = PBXBuildFile; fileRef = 552C049B27F0A0E000FE70E3 /* product.json */; };
		552C04A027F0A0E000FE70E3 /* player.json in Resources */ = {isa = PBXBuildFile; fileRef = 552C049C27F0A0E000FE70E3 /* player.json */; };
		552C04AB27F0A55100FE70E3 /* Constant.swift in Sources */ = {isa = PBXBuildFile; fileRef = 552C04AA27F0A55100FE70E3 /* Constant.swift */; };
		552C04AD27F0AB9100FE70E3 /* FooterView.swift in Sources */ = {isa = PBXBuildFile; fileRef = 552C04AC27F0AB9100FE70E3 /* FooterView.swift */; };
		552C04AF27F0B04000FE70E3 /* NavigationBarView.swift in Sources */ = {isa = PBXBuildFile; fileRef = 552C04AE27F0B04000FE70E3 /* NavigationBarView.swift */; };
		552C04B527F0B45100FE70E3 /* LogoView.swift in Sources */ = {isa = PBXBuildFile; fileRef = 552C04B427F0B45100FE70E3 /* LogoView.swift */; };
		552C04BE27F0C72F00FE70E3 /* PlayerModel.swift in Sources */ = {isa = PBXBuildFile; fileRef = 552C04BD27F0C72F00FE70E3 /* PlayerModel.swift */; };
		552C04C027F0D5A800FE70E3 /* CodableBundleExtension.swift in Sources */ = {isa = PBXBuildFile; fileRef = 552C04BF27F0D5A800FE70E3 /* CodableBundleExtension.swift */; };
		552C04C627F0E06200FE70E3 /* FeaturedItemView.swift in Sources */ = {isa = PBXBuildFile; fileRef = 552C04C527F0E06200FE70E3 /* FeaturedItemView.swift */; };
		552C04CA27F0E93E00FE70E3 /* FeaturedTabView.swift in Sources */ = {isa = PBXBuildFile; fileRef = 552C04C927F0E93E00FE70E3 /* FeaturedTabView.swift */; };
		553CCEB527F36A940030ECC4 /* CategoryModel.swift in Sources */ = {isa = PBXBuildFile; fileRef = 553CCEB427F36A940030ECC4 /* CategoryModel.swift */; };
		553CCEB727F36C7B0030ECC4 /* CategoryItemView.swift in Sources */ = {isa = PBXBuildFile; fileRef = 553CCEB627F36C7B0030ECC4 /* CategoryItemView.swift */; };
		553CCEB927F370A70030ECC4 /* CategoryGridView.swift in Sources */ = {isa = PBXBuildFile; fileRef = 553CCEB827F370A70030ECC4 /* CategoryGridView.swift */; };
		553CCEBB27F373470030ECC4 /* SectionView.swift in Sources */ = {isa = PBXBuildFile; fileRef = 553CCEBA27F373470030ECC4 /* SectionView.swift */; };
		553CCEBD27F60AE50030ECC4 /* TitleView.swift in Sources */ = {isa = PBXBuildFile; fileRef = 553CCEBC27F60AE50030ECC4 /* TitleView.swift */; };
		553CCEBF27F60CB80030ECC4 /* ProductModel.swift in Sources */ = {isa = PBXBuildFile; fileRef = 553CCEBE27F60CB80030ECC4 /* ProductModel.swift */; };
		553CCEC127F60DBF0030ECC4 /* ProductItemView.swift in Sources */ = {isa = PBXBuildFile; fileRef = 553CCEC027F60DBF0030ECC4 /* ProductItemView.swift */; };
		553CCEC327F618650030ECC4 /* BrandModel.swift in Sources */ = {isa = PBXBuildFile; fileRef = 553CCEC227F618650030ECC4 /* BrandModel.swift */; };
		553CCEC527F619420030ECC4 /* BrandItemView.swift in Sources */ = {isa = PBXBuildFile; fileRef = 553CCEC427F619420030ECC4 /* BrandItemView.swift */; };
		553CCEC727F61A7B0030ECC4 /* BrandGridView.swift in Sources */ = {isa = PBXBuildFile; fileRef = 553CCEC627F61A7B0030ECC4 /* BrandGridView.swift */; };
/* End PBXBuildFile section */

/* Begin PBXFileReference section */
		552C048827F0942800FE70E3 /* Touchdown.app */ = {isa = PBXFileReference; explicitFileType = wrapper.application; includeInIndex = 0; path = Touchdown.app; sourceTree = BUILT_PRODUCTS_DIR; };
		552C048B27F0942800FE70E3 /* TouchdownApp.swift */ = {isa = PBXFileReference; lastKnownFileType = sourcecode.swift; path = TouchdownApp.swift; sourceTree = "<group>"; };
		552C048D27F0942800FE70E3 /* ContentView.swift */ = {isa = PBXFileReference; lastKnownFileType = sourcecode.swift; path = ContentView.swift; sourceTree = "<group>"; };
		552C048F27F0942900FE70E3 /* Assets.xcassets */ = {isa = PBXFileReference; lastKnownFileType = folder.assetcatalog; path = Assets.xcassets; sourceTree = "<group>"; };
		552C049227F0942900FE70E3 /* Preview Assets.xcassets */ = {isa = PBXFileReference; lastKnownFileType = folder.assetcatalog; path = "Preview Assets.xcassets"; sourceTree = "<group>"; };
		552C049927F0A0E000FE70E3 /* brand.json */ = {isa = PBXFileReference; fileEncoding = 4; lastKnownFileType = text.json; path = brand.json; sourceTree = "<group>"; };
		552C049A27F0A0E000FE70E3 /* category.json */ = {isa = PBXFileReference; fileEncoding = 4; lastKnownFileType = text.json; path = category.json; sourceTree = "<group>"; };
		552C049B27F0A0E000FE70E3 /* product.json */ = {isa = PBXFileReference; fileEncoding = 4; lastKnownFileType = text.json; path = product.json; sourceTree = "<group>"; };
		552C049C27F0A0E000FE70E3 /* player.json */ = {isa = PBXFileReference; fileEncoding = 4; lastKnownFileType = text.json; path = player.json; sourceTree = "<group>"; };
		552C04A227F0A18400FE70E3 /* Info.plist */ = {isa = PBXFileReference; lastKnownFileType = text.plist; path = Info.plist; sourceTree = "<group>"; };
		552C04AA27F0A55100FE70E3 /* Constant.swift */ = {isa = PBXFileReference; lastKnownFileType = sourcecode.swift; path = Constant.swift; sourceTree = "<group>"; };
		552C04AC27F0AB9100FE70E3 /* FooterView.swift */ = {isa = PBXFileReference; lastKnownFileType = sourcecode.swift; path = FooterView.swift; sourceTree = "<group>"; };
		552C04AE27F0B04000FE70E3 /* NavigationBarView.swift */ = {isa = PBXFileReference; lastKnownFileType = sourcecode.swift; path = NavigationBarView.swift; sourceTree = "<group>"; };
		552C04B427F0B45100FE70E3 /* LogoView.swift */ = {isa = PBXFileReference; lastKnownFileType = sourcecode.swift; path = LogoView.swift; sourceTree = "<group>"; };
		552C04BD27F0C72F00FE70E3 /* PlayerModel.swift */ = {isa = PBXFileReference; lastKnownFileType = sourcecode.swift; path = PlayerModel.swift; sourceTree = "<group>"; };
		552C04BF27F0D5A800FE70E3 /* CodableBundleExtension.swift */ = {isa = PBXFileReference; lastKnownFileType = sourcecode.swift; path = CodableBundleExtension.swift; sourceTree = "<group>"; };
		552C04C527F0E06200FE70E3 /* FeaturedItemView.swift */ = {isa = PBXFileReference; lastKnownFileType = sourcecode.swift; path = FeaturedItemView.swift; sourceTree = "<group>"; };
		552C04C927F0E93E00FE70E3 /* FeaturedTabView.swift */ = {isa = PBXFileReference; lastKnownFileType = sourcecode.swift; path = FeaturedTabView.swift; sourceTree = "<group>"; };
		553CCEB427F36A940030ECC4 /* CategoryModel.swift */ = {isa = PBXFileReference; lastKnownFileType = sourcecode.swift; path = CategoryModel.swift; sourceTree = "<group>"; };
		553CCEB627F36C7B0030ECC4 /* CategoryItemView.swift */ = {isa = PBXFileReference; lastKnownFileType = sourcecode.swift; path = CategoryItemView.swift; sourceTree = "<group>"; };
		553CCEB827F370A70030ECC4 /* CategoryGridView.swift */ = {isa = PBXFileReference; lastKnownFileType = sourcecode.swift; path = CategoryGridView.swift; sourceTree = "<group>"; };
		553CCEBA27F373470030ECC4 /* SectionView.swift */ = {isa = PBXFileReference; lastKnownFileType = sourcecode.swift; path = SectionView.swift; sourceTree = "<group>"; };
		553CCEBC27F60AE50030ECC4 /* TitleView.swift */ = {isa = PBXFileReference; lastKnownFileType = sourcecode.swift; path = TitleView.swift; sourceTree = "<group>"; };
		553CCEBE27F60CB80030ECC4 /* ProductModel.swift */ = {isa = PBXFileReference; lastKnownFileType = sourcecode.swift; path = ProductModel.swift; sourceTree = "<group>"; };
		553CCEC027F60DBF0030ECC4 /* ProductItemView.swift */ = {isa = PBXFileReference; lastKnownFileType = sourcecode.swift; path = ProductItemView.swift; sourceTree = "<group>"; };
		553CCEC227F618650030ECC4 /* BrandModel.swift */ = {isa = PBXFileReference; lastKnownFileType = sourcecode.swift; path = BrandModel.swift; sourceTree = "<group>"; };
		553CCEC427F619420030ECC4 /* BrandItemView.swift */ = {isa = PBXFileReference; lastKnownFileType = sourcecode.swift; path = BrandItemView.swift; sourceTree = "<group>"; };
		553CCEC627F61A7B0030ECC4 /* BrandGridView.swift */ = {isa = PBXFileReference; lastKnownFileType = sourcecode.swift; path = BrandGridView.swift; sourceTree = "<group>"; };
/* End PBXFileReference section */

/* Begin PBXFrameworksBuildPhase section */
		552C048527F0942800FE70E3 /* Frameworks */ = {
			isa = PBXFrameworksBuildPhase;
			buildActionMask = 2147483647;
			files = (
			);
			runOnlyForDeploymentPostprocessing = 0;
		};
/* End PBXFrameworksBuildPhase section */

/* Begin PBXGroup section */
		552C047F27F0942800FE70E3 = {
			isa = PBXGroup;
			children = (
				552C048A27F0942800FE70E3 /* Touchdown */,
				552C048927F0942800FE70E3 /* Products */,
			);
			sourceTree = "<group>";
		};
		552C048927F0942800FE70E3 /* Products */ = {
			isa = PBXGroup;
			children = (
				552C048827F0942800FE70E3 /* Touchdown.app */,
			);
			name = Products;
			sourceTree = "<group>";
		};
		552C048A27F0942800FE70E3 /* Touchdown */ = {
			isa = PBXGroup;
			children = (
				552C04A327F0A31E00FE70E3 /* App */,
				552C04A427F0A38000FE70E3 /* View */,
				552C04A127F0A10B00FE70E3 /* Data */,
				552C04A727F0A3AD00FE70E3 /* Model */,
				552C04A927F0A4DF00FE70E3 /* Utility */,
				552C04A827F0A3BB00FE70E3 /* Extension */,
				552C04A227F0A18400FE70E3 /* Info.plist */,
				552C048F27F0942900FE70E3 /* Assets.xcassets */,
				552C049127F0942900FE70E3 /* Preview Content */,
			);
			path = Touchdown;
			sourceTree = "<group>";
		};
		552C049127F0942900FE70E3 /* Preview Content */ = {
			isa = PBXGroup;
			children = (
				552C049227F0942900FE70E3 /* Preview Assets.xcassets */,
			);
			path = "Preview Content";
			sourceTree = "<group>";
		};
		552C04A127F0A10B00FE70E3 /* Data */ = {
			isa = PBXGroup;
			children = (
				552C049927F0A0E000FE70E3 /* brand.json */,
				552C049A27F0A0E000FE70E3 /* category.json */,
				552C049C27F0A0E000FE70E3 /* player.json */,
				552C049B27F0A0E000FE70E3 /* product.json */,
			);
			path = Data;
			sourceTree = "<group>";
		};
		552C04A327F0A31E00FE70E3 /* App */ = {
			isa = PBXGroup;
			children = (
				552C048B27F0942800FE70E3 /* TouchdownApp.swift */,
				552C048D27F0942800FE70E3 /* ContentView.swift */,
			);
			path = App;
			sourceTree = "<group>";
		};
		552C04A427F0A38000FE70E3 /* View */ = {
			isa = PBXGroup;
			children = (
				552C04A527F0A39000FE70E3 /* Home */,
				552C04A627F0A39C00FE70E3 /* Detail */,
			);
			path = View;
			sourceTree = "<group>";
		};
		552C04A527F0A39000FE70E3 /* Home */ = {
			isa = PBXGroup;
			children = (
				552C04AC27F0AB9100FE70E3 /* FooterView.swift */,
				552C04AE27F0B04000FE70E3 /* NavigationBarView.swift */,
				552C04B427F0B45100FE70E3 /* LogoView.swift */,
				552C04C527F0E06200FE70E3 /* FeaturedItemView.swift */,
				552C04C927F0E93E00FE70E3 /* FeaturedTabView.swift */,
				553CCEB627F36C7B0030ECC4 /* CategoryItemView.swift */,
				553CCEB827F370A70030ECC4 /* CategoryGridView.swift */,
				553CCEBA27F373470030ECC4 /* SectionView.swift */,
				553CCEBC27F60AE50030ECC4 /* TitleView.swift */,
				553CCEC027F60DBF0030ECC4 /* ProductItemView.swift */,
				553CCEC427F619420030ECC4 /* BrandItemView.swift */,
				553CCEC627F61A7B0030ECC4 /* BrandGridView.swift */,
			);
			path = Home;
			sourceTree = "<group>";
		};
		552C04A627F0A39C00FE70E3 /* Detail */ = {
			isa = PBXGroup;
			children = (
			);
			path = Detail;
			sourceTree = "<group>";
		};
		552C04A727F0A3AD00FE70E3 /* Model */ = {
			isa = PBXGroup;
			children = (
				552C04BD27F0C72F00FE70E3 /* PlayerModel.swift */,
				553CCEB427F36A940030ECC4 /* CategoryModel.swift */,
				553CCEBE27F60CB80030ECC4 /* ProductModel.swift */,
				553CCEC227F618650030ECC4 /* BrandModel.swift */,
			);
			path = Model;
			sourceTree = "<group>";
		};
		552C04A827F0A3BB00FE70E3 /* Extension */ = {
			isa = PBXGroup;
			children = (
				552C04BF27F0D5A800FE70E3 /* CodableBundleExtension.swift */,
			);
			path = Extension;
			sourceTree = "<group>";
		};
		552C04A927F0A4DF00FE70E3 /* Utility */ = {
			isa = PBXGroup;
			children = (
				552C04AA27F0A55100FE70E3 /* Constant.swift */,
			);
			path = Utility;
			sourceTree = "<group>";
		};
/* End PBXGroup section */

/* Begin PBXNativeTarget section */
		552C048727F0942800FE70E3 /* Touchdown */ = {
			isa = PBXNativeTarget;
			buildConfigurationList = 552C049627F0942900FE70E3 /* Build configuration list for PBXNativeTarget "Touchdown" */;
			buildPhases = (
				552C048427F0942800FE70E3 /* Sources */,
				552C048527F0942800FE70E3 /* Frameworks */,
				552C048627F0942800FE70E3 /* Resources */,
			);
			buildRules = (
			);
			dependencies = (
			);
			name = Touchdown;
			productName = Touchdown;
			productReference = 552C048827F0942800FE70E3 /* Touchdown.app */;
			productType = "com.apple.product-type.application";
		};
/* End PBXNativeTarget section */

/* Begin PBXProject section */
		552C048027F0942800FE70E3 /* Project object */ = {
			isa = PBXProject;
			attributes = {
				BuildIndependentTargetsInParallel = 1;
				LastSwiftUpdateCheck = 1330;
				LastUpgradeCheck = 1330;
				TargetAttributes = {
					552C048727F0942800FE70E3 = {
						CreatedOnToolsVersion = 13.3;
					};
				};
			};
			buildConfigurationList = 552C048327F0942800FE70E3 /* Build configuration list for PBXProject "Touchdown" */;
			compatibilityVersion = "Xcode 13.0";
			developmentRegion = en;
			hasScannedForEncodings = 0;
			knownRegions = (
				en,
				Base,
			);
			mainGroup = 552C047F27F0942800FE70E3;
			productRefGroup = 552C048927F0942800FE70E3 /* Products */;
			projectDirPath = "";
			projectRoot = "";
			targets = (
				552C048727F0942800FE70E3 /* Touchdown */,
			);
		};
/* End PBXProject section */

/* Begin PBXResourcesBuildPhase section */
		552C048627F0942800FE70E3 /* Resources */ = {
			isa = PBXResourcesBuildPhase;
			buildActionMask = 2147483647;
			files = (
				552C04A027F0A0E000FE70E3 /* player.json in Resources */,
				552C049327F0942900FE70E3 /* Preview Assets.xcassets in Resources */,
				552C049027F0942900FE70E3 /* Assets.xcassets in Resources */,
				552C049D27F0A0E000FE70E3 /* brand.json in Resources */,
				552C049E27F0A0E000FE70E3 /* category.json in Resources */,
				552C049F27F0A0E000FE70E3 /* product.json in Resources */,
			);
			runOnlyForDeploymentPostprocessing = 0;
		};
/* End PBXResourcesBuildPhase section */

/* Begin PBXSourcesBuildPhase section */
		552C048427F0942800FE70E3 /* Sources */ = {
			isa = PBXSourcesBuildPhase;
			buildActionMask = 2147483647;
			files = (
				552C04C027F0D5A800FE70E3 /* CodableBundleExtension.swift in Sources */,
				552C048E27F0942800FE70E3 /* ContentView.swift in Sources */,
				552C04B527F0B45100FE70E3 /* LogoView.swift in Sources */,
				552C04C627F0E06200FE70E3 /* FeaturedItemView.swift in Sources */,
				552C04AD27F0AB9100FE70E3 /* FooterView.swift in Sources */,
				553CCEC127F60DBF0030ECC4 /* ProductItemView.swift in Sources */,
				553CCEC727F61A7B0030ECC4 /* BrandGridView.swift in Sources */,
				552C048C27F0942800FE70E3 /* TouchdownApp.swift in Sources */,
				552C04AB27F0A55100FE70E3 /* Constant.swift in Sources */,
				553CCEB927F370A70030ECC4 /* CategoryGridView.swift in Sources */,
				553CCEB527F36A940030ECC4 /* CategoryModel.swift in Sources */,
				552C04AF27F0B04000FE70E3 /* NavigationBarView.swift in Sources */,
				553CCEBB27F373470030ECC4 /* SectionView.swift in Sources */,
				553CCEC527F619420030ECC4 /* BrandItemView.swift in Sources */,
				553CCEB727F36C7B0030ECC4 /* CategoryItemView.swift in Sources */,
				552C04CA27F0E93E00FE70E3 /* FeaturedTabView.swift in Sources */,
				552C04BE27F0C72F00FE70E3 /* PlayerModel.swift in Sources */,
				553CCEC327F618650030ECC4 /* BrandModel.swift in Sources */,
				553CCEBD27F60AE50030ECC4 /* TitleView.swift in Sources */,
				553CCEBF27F60CB80030ECC4 /* ProductModel.swift in Sources */,
			);
			runOnlyForDeploymentPostprocessing = 0;
		};
/* End PBXSourcesBuildPhase section */

/* Begin XCBuildConfiguration section */
		552C049427F0942900FE70E3 /* Debug */ = {
			isa = XCBuildConfiguration;
			buildSettings = {
				ALWAYS_SEARCH_USER_PATHS = NO;
				CLANG_ANALYZER_NONNULL = YES;
				CLANG_ANALYZER_NUMBER_OBJECT_CONVERSION = YES_AGGRESSIVE;
				CLANG_CXX_LANGUAGE_STANDARD = "gnu++17";
				CLANG_ENABLE_MODULES = YES;
				CLANG_ENABLE_OBJC_ARC = YES;
				CLANG_ENABLE_OBJC_WEAK = YES;
				CLANG_WARN_BLOCK_CAPTURE_AUTORELEASING = YES;
				CLANG_WARN_BOOL_CONVERSION = YES;
				CLANG_WARN_COMMA = YES;
				CLANG_WARN_CONSTANT_CONVERSION = YES;
				CLANG_WARN_DEPRECATED_OBJC_IMPLEMENTATIONS = YES;
				CLANG_WARN_DIRECT_OBJC_ISA_USAGE = YES_ERROR;
				CLANG_WARN_DOCUMENTATION_COMMENTS = YES;
				CLANG_WARN_EMPTY_BODY = YES;
				CLANG_WARN_ENUM_CONVERSION = YES;
				CLANG_WARN_INFINITE_RECURSION = YES;
				CLANG_WARN_INT_CONVERSION = YES;
				CLANG_WARN_NON_LITERAL_NULL_CONVERSION = YES;
				CLANG_WARN_OBJC_IMPLICIT_RETAIN_SELF = YES;
				CLANG_WARN_OBJC_LITERAL_CONVERSION = YES;
				CLANG_WARN_OBJC_ROOT_CLASS = YES_ERROR;
				CLANG_WARN_QUOTED_INCLUDE_IN_FRAMEWORK_HEADER = YES;
				CLANG_WARN_RANGE_LOOP_ANALYSIS = YES;
				CLANG_WARN_STRICT_PROTOTYPES = YES;
				CLANG_WARN_SUSPICIOUS_MOVE = YES;
				CLANG_WARN_UNGUARDED_AVAILABILITY = YES_AGGRESSIVE;
				CLANG_WARN_UNREACHABLE_CODE = YES;
				CLANG_WARN__DUPLICATE_METHOD_MATCH = YES;
				COPY_PHASE_STRIP = NO;
				DEBUG_INFORMATION_FORMAT = dwarf;
				ENABLE_STRICT_OBJC_MSGSEND = YES;
				ENABLE_TESTABILITY = YES;
				GCC_C_LANGUAGE_STANDARD = gnu11;
				GCC_DYNAMIC_NO_PIC = NO;
				GCC_NO_COMMON_BLOCKS = YES;
				GCC_OPTIMIZATION_LEVEL = 0;
				GCC_PREPROCESSOR_DEFINITIONS = (
					"DEBUG=1",
					"$(inherited)",
				);
				GCC_WARN_64_TO_32_BIT_CONVERSION = YES;
				GCC_WARN_ABOUT_RETURN_TYPE = YES_ERROR;
				GCC_WARN_UNDECLARED_SELECTOR = YES;
				GCC_WARN_UNINITIALIZED_AUTOS = YES_AGGRESSIVE;
				GCC_WARN_UNUSED_FUNCTION = YES;
				GCC_WARN_UNUSED_VARIABLE = YES;
				IPHONEOS_DEPLOYMENT_TARGET = 15.3;
				MTL_ENABLE_DEBUG_INFO = INCLUDE_SOURCE;
				MTL_FAST_MATH = YES;
				ONLY_ACTIVE_ARCH = YES;
				SDKROOT = iphoneos;
				SWIFT_ACTIVE_COMPILATION_CONDITIONS = DEBUG;
				SWIFT_OPTIMIZATION_LEVEL = "-Onone";
			};
			name = Debug;
		};
		552C049527F0942900FE70E3 /* Release */ = {
			isa = XCBuildConfiguration;
			buildSettings = {
				ALWAYS_SEARCH_USER_PATHS = NO;
				CLANG_ANALYZER_NONNULL = YES;
				CLANG_ANALYZER_NUMBER_OBJECT_CONVERSION = YES_AGGRESSIVE;
				CLANG_CXX_LANGUAGE_STANDARD = "gnu++17";
				CLANG_ENABLE_MODULES = YES;
				CLANG_ENABLE_OBJC_ARC = YES;
				CLANG_ENABLE_OBJC_WEAK = YES;
				CLANG_WARN_BLOCK_CAPTURE_AUTORELEASING = YES;
				CLANG_WARN_BOOL_CONVERSION = YES;
				CLANG_WARN_COMMA = YES;
				CLANG_WARN_CONSTANT_CONVERSION = YES;
				CLANG_WARN_DEPRECATED_OBJC_IMPLEMENTATIONS = YES;
				CLANG_WARN_DIRECT_OBJC_ISA_USAGE = YES_ERROR;
				CLANG_WARN_DOCUMENTATION_COMMENTS = YES;
				CLANG_WARN_EMPTY_BODY = YES;
				CLANG_WARN_ENUM_CONVERSION = YES;
				CLANG_WARN_INFINITE_RECURSION = YES;
				CLANG_WARN_INT_CONVERSION = YES;
				CLANG_WARN_NON_LITERAL_NULL_CONVERSION = YES;
				CLANG_WARN_OBJC_IMPLICIT_RETAIN_SELF = YES;
				CLANG_WARN_OBJC_LITERAL_CONVERSION = YES;
				CLANG_WARN_OBJC_ROOT_CLASS = YES_ERROR;
				CLANG_WARN_QUOTED_INCLUDE_IN_FRAMEWORK_HEADER = YES;
				CLANG_WARN_RANGE_LOOP_ANALYSIS = YES;
				CLANG_WARN_STRICT_PROTOTYPES = YES;
				CLANG_WARN_SUSPICIOUS_MOVE = YES;
				CLANG_WARN_UNGUARDED_AVAILABILITY = YES_AGGRESSIVE;
				CLANG_WARN_UNREACHABLE_CODE = YES;
				CLANG_WARN__DUPLICATE_METHOD_MATCH = YES;
				COPY_PHASE_STRIP = NO;
				DEBUG_INFORMATION_FORMAT = "dwarf-with-dsym";
				ENABLE_NS_ASSERTIONS = NO;
				ENABLE_STRICT_OBJC_MSGSEND = YES;
				GCC_C_LANGUAGE_STANDARD = gnu11;
				GCC_NO_COMMON_BLOCKS = YES;
				GCC_WARN_64_TO_32_BIT_CONVERSION = YES;
				GCC_WARN_ABOUT_RETURN_TYPE = YES_ERROR;
				GCC_WARN_UNDECLARED_SELECTOR = YES;
				GCC_WARN_UNINITIALIZED_AUTOS = YES_AGGRESSIVE;
				GCC_WARN_UNUSED_FUNCTION = YES;
				GCC_WARN_UNUSED_VARIABLE = YES;
				IPHONEOS_DEPLOYMENT_TARGET = 15.3;
				MTL_ENABLE_DEBUG_INFO = NO;
				MTL_FAST_MATH = YES;
				SDKROOT = iphoneos;
				SWIFT_COMPILATION_MODE = wholemodule;
				SWIFT_OPTIMIZATION_LEVEL = "-O";
				VALIDATE_PRODUCT = YES;
			};
			name = Release;
		};
		552C049727F0942900FE70E3 /* Debug */ = {
			isa = XCBuildConfiguration;
			buildSettings = {
				ASSETCATALOG_COMPILER_APPICON_NAME = AppIcon;
				ASSETCATALOG_COMPILER_GLOBAL_ACCENT_COLOR_NAME = AccentColor;
				CODE_SIGN_STYLE = Automatic;
				CURRENT_PROJECT_VERSION = 1;
				DEVELOPMENT_ASSET_PATHS = "\"Touchdown/Preview Content\"";
				DEVELOPMENT_TEAM = APWHD299J9;
				ENABLE_PREVIEWS = YES;
				GENERATE_INFOPLIST_FILE = YES;
				INFOPLIST_FILE = Touchdown/Info.plist;
				INFOPLIST_KEY_UIApplicationSceneManifest_Generation = YES;
				INFOPLIST_KEY_UIApplicationSupportsIndirectInputEvents = YES;
				INFOPLIST_KEY_UISupportedInterfaceOrientations = UIInterfaceOrientationPortrait;
				INFOPLIST_KEY_UISupportedInterfaceOrientations_iPad = "UIInterfaceOrientationPortrait UIInterfaceOrientationPortraitUpsideDown UIInterfaceOrientationLandscapeLeft UIInterfaceOrientationLandscapeRight";
				INFOPLIST_KEY_UISupportedInterfaceOrientations_iPhone = "UIInterfaceOrientationPortrait UIInterfaceOrientationLandscapeLeft UIInterfaceOrientationLandscapeRight";
				INFOPLIST_KEY_UIUserInterfaceStyle = Light;
				LD_RUNPATH_SEARCH_PATHS = (
					"$(inherited)",
					"@executable_path/Frameworks",
				);
				MARKETING_VERSION = 1.0;
				PRODUCT_BUNDLE_IDENTIFIER = com.andrej.dev.Touchdown;
				PRODUCT_NAME = "$(TARGET_NAME)";
				SWIFT_EMIT_LOC_STRINGS = YES;
				SWIFT_VERSION = 5.0;
				TARGETED_DEVICE_FAMILY = "1,2";
			};
			name = Debug;
		};
		552C049827F0942900FE70E3 /* Release */ = {
			isa = XCBuildConfiguration;
			buildSettings = {
				ASSETCATALOG_COMPILER_APPICON_NAME = AppIcon;
				ASSETCATALOG_COMPILER_GLOBAL_ACCENT_COLOR_NAME = AccentColor;
				CODE_SIGN_STYLE = Automatic;
				CURRENT_PROJECT_VERSION = 1;
				DEVELOPMENT_ASSET_PATHS = "\"Touchdown/Preview Content\"";
				DEVELOPMENT_TEAM = APWHD299J9;
				ENABLE_PREVIEWS = YES;
				GENERATE_INFOPLIST_FILE = YES;
				INFOPLIST_FILE = Touchdown/Info.plist;
				INFOPLIST_KEY_UIApplicationSceneManifest_Generation = YES;
				INFOPLIST_KEY_UIApplicationSupportsIndirectInputEvents = YES;
				INFOPLIST_KEY_UISupportedInterfaceOrientations = UIInterfaceOrientationPortrait;
				INFOPLIST_KEY_UISupportedInterfaceOrientations_iPad = "UIInterfaceOrientationPortrait UIInterfaceOrientationPortraitUpsideDown UIInterfaceOrientationLandscapeLeft UIInterfaceOrientationLandscapeRight";
				INFOPLIST_KEY_UISupportedInterfaceOrientations_iPhone = "UIInterfaceOrientationPortrait UIInterfaceOrientationLandscapeLeft UIInterfaceOrientationLandscapeRight";
				INFOPLIST_KEY_UIUserInterfaceStyle = Light;
				LD_RUNPATH_SEARCH_PATHS = (
					"$(inherited)",
					"@executable_path/Frameworks",
				);
				MARKETING_VERSION = 1.0;
				PRODUCT_BUNDLE_IDENTIFIER = com.andrej.dev.Touchdown;
				PRODUCT_NAME = "$(TARGET_NAME)";
				SWIFT_EMIT_LOC_STRINGS = YES;
				SWIFT_VERSION = 5.0;
				TARGETED_DEVICE_FAMILY = "1,2";
			};
			name = Release;
		};
/* End XCBuildConfiguration section */

/* Begin XCConfigurationList section */
		552C048327F0942800FE70E3 /* Build configuration list for PBXProject "Touchdown" */ = {
			isa = XCConfigurationList;
			buildConfigurations = (
				552C049427F0942900FE70E3 /* Debug */,
				552C049527F0942900FE70E3 /* Release */,
			);
			defaultConfigurationIsVisible = 0;
			defaultConfigurationName = Release;
		};
		552C049627F0942900FE70E3 /* Build configuration list for PBXNativeTarget "Touchdown" */ = {
			isa = XCConfigurationList;
			buildConfigurations = (
				552C049727F0942900FE70E3 /* Debug */,
				552C049827F0942900FE70E3 /* Release */,
			);
			defaultConfigurationIsVisible = 0;
			defaultConfigurationName = Release;
		};
/* End XCConfigurationList section */
	};
	rootObject = 552C048027F0942800FE70E3 /* Project object */;
}
